
Microsoft Visual Studio Solution File, Format Version 12.00
# Visual Studio Version 16
VisualStudioVersion = 16.0.34031.81
MinimumVisualStudioVersion = 10.0.40219.1
Project("{2150E333-8FDC-42A3-9474-1A3956D46DE8}") = "Task0", "Task0", "{0807D018-C371-4526-A405-473AB51EB128}"
EndProject
Project("{2150E333-8FDC-42A3-9474-1A3956D46DE8}") = "Task1", "Task1", "{61DEC209-636A-43D7-B361-F3C52ED06BCB}"
EndProject
Project("{2150E333-8FDC-42A3-9474-1A3956D46DE8}") = "Task2", "Task2", "{CD3970A3-2358-413C-82D1-DCE607F43FF1}"
EndProject
Project("{2150E333-8FDC-42A3-9474-1A3956D46DE8}") = "Task3", "Task3", "{175B68D5-3BED-4CEA-A4CF-38635E4CA308}"
EndProject
Project("{FAE04EC0-301F-11D3-BF4B-00C04F79EFBC}") = "Tyuiu.SorokinAD.Sprint5.Task0.V4", "Tyuiu.SorokinAD.Sprint5.Task0.V4\Tyuiu.SorokinAD.Sprint5.Task0.V4.csproj", "{3C4F0A6C-CCEE-4C61-9319-552679286DF7}"
EndProject
Project("{FAE04EC0-301F-11D3-BF4B-00C04F79EFBC}") = "Tyuiu.SorokinAD.Sprint5.Task0.V4.Lib", "Tyuiu.SorokinAD.Sprint5.Task0.V4.Lib\Tyuiu.SorokinAD.Sprint5.Task0.V4.Lib.csproj", "{21333248-AD99-40F9-8432-909EFCB667CA}"
EndProject
Project("{FAE04EC0-301F-11D3-BF4B-00C04F79EFBC}") = "Tyuiu.SorokinAD.Sprint5.Task0.V4.Test", "Tyuiu.SorokinAD.Sprint5.Task0.V4.Test\Tyuiu.SorokinAD.Sprint5.Task0.V4.Test.csproj", "{95EA49EF-2BC5-4EBC-828B-C486602920A4}"
EndProject
Project("{FAE04EC0-301F-11D3-BF4B-00C04F79EFBC}") = "Tyuiu.SorokinAD.Sprint5.Task2.V14", "Tyuiu.SorokinAD.Sprint5.Task2.V14\Tyuiu.SorokinAD.Sprint5.Task2.V14.csproj", "{59BE643C-9040-417F-877B-DC78646506C4}"
EndProject
Project("{FAE04EC0-301F-11D3-BF4B-00C04F79EFBC}") = "Tyuiu.SorokinAD.Sprint5.Task2.V14.Lib", "Tyuiu.SorokinAD.Sprint5.Task2.V14.Lib\Tyuiu.SorokinAD.Sprint5.Task2.V14.Lib.csproj", "{D733BA22-9CC2-4F57-9A44-78CA567366CC}"
EndProject
Project("{FAE04EC0-301F-11D3-BF4B-00C04F79EFBC}") = "Tyuiu.SorokinAD.Sprint5.Task2.V14.Test", "Tyuiu.SorokinAD.Sprint5.Task2.V14.Test\Tyuiu.SorokinAD.Sprint5.Task2.V14.Test.csproj", "{3D73D1FE-2912-4C1C-96F4-C69BC8B548B0}"
EndProject
Project("{2150E333-8FDC-42A3-9474-1A3956D46DE8}") = "Task4", "Task4", "{12099493-6977-41B7-AC96-8FF27F9EE779}"
EndProject
Project("{FAE04EC0-301F-11D3-BF4B-00C04F79EFBC}") = "Tyuiu.SorokinAD.Sprint5.Task4.V22", "Tyuiu.SorokinAD.Sprint5.Task4.V22\Tyuiu.SorokinAD.Sprint5.Task4.V22.csproj", "{5E18EB34-D3A6-4832-B31C-1BE215D83F46}"
EndProject
Project("{FAE04EC0-301F-11D3-BF4B-00C04F79EFBC}") = "Tyuiu.SorokinAD.Sprint5.Task4.V22.Lib", "Tyuiu.SorokinAD.Sprint5.Task4.V22.Lib\Tyuiu.SorokinAD.Sprint5.Task4.V22.Lib.csproj", "{8EE2ED7D-AE10-4649-9CEB-55033B1A44C1}"
EndProject
Project("{FAE04EC0-301F-11D3-BF4B-00C04F79EFBC}") = "Tyuiu.SorokinAD.Sprint5.Task4.V22.Test", "Tyuiu.SorokinAD.Sprint5.Task4.V22.Test\Tyuiu.SorokinAD.Sprint5.Task4.V22.Test.csproj", "{77429AA4-9151-4BFD-AE63-FF433C1952FF}"
EndProject
Global
	GlobalSection(SolutionConfigurationPlatforms) = preSolution
		Debug|Any CPU = Debug|Any CPU
		Release|Any CPU = Release|Any CPU
	EndGlobalSection
	GlobalSection(ProjectConfigurationPlatforms) = postSolution
		{3C4F0A6C-CCEE-4C61-9319-552679286DF7}.Debug|Any CPU.ActiveCfg = Debug|Any CPU
		{3C4F0A6C-CCEE-4C61-9319-552679286DF7}.Debug|Any CPU.Build.0 = Debug|Any CPU
		{3C4F0A6C-CCEE-4C61-9319-552679286DF7}.Release|Any CPU.ActiveCfg = Release|Any CPU
		{3C4F0A6C-CCEE-4C61-9319-552679286DF7}.Release|Any CPU.Build.0 = Release|Any CPU
		{21333248-AD99-40F9-8432-909EFCB667CA}.Debug|Any CPU.ActiveCfg = Debug|Any CPU
		{21333248-AD99-40F9-8432-909EFCB667CA}.Debug|Any CPU.Build.0 = Debug|Any CPU
		{21333248-AD99-40F9-8432-909EFCB667CA}.Release|Any CPU.ActiveCfg = Release|Any CPU
		{21333248-AD99-40F9-8432-909EFCB667CA}.Release|Any CPU.Build.0 = Release|Any CPU
		{95EA49EF-2BC5-4EBC-828B-C486602920A4}.Debug|Any CPU.ActiveCfg = Debug|Any CPU
		{95EA49EF-2BC5-4EBC-828B-C486602920A4}.Debug|Any CPU.Build.0 = Debug|Any CPU
		{95EA49EF-2BC5-4EBC-828B-C486602920A4}.Release|Any CPU.ActiveCfg = Release|Any CPU
		{95EA49EF-2BC5-4EBC-828B-C486602920A4}.Release|Any CPU.Build.0 = Release|Any CPU
		{59BE643C-9040-417F-877B-DC78646506C4}.Debug|Any CPU.ActiveCfg = Debug|Any CPU
		{59BE643C-9040-417F-877B-DC78646506C4}.Debug|Any CPU.Build.0 = Debug|Any CPU
		{59BE643C-9040-417F-877B-DC78646506C4}.Release|Any CPU.ActiveCfg = Release|Any CPU
		{59BE643C-9040-417F-877B-DC78646506C4}.Release|Any CPU.Build.0 = Release|Any CPU
		{D733BA22-9CC2-4F57-9A44-78CA567366CC}.Debug|Any CPU.ActiveCfg = Debug|Any CPU
		{D733BA22-9CC2-4F57-9A44-78CA567366CC}.Debug|Any CPU.Build.0 = Debug|Any CPU
		{D733BA22-9CC2-4F57-9A44-78CA567366CC}.Release|Any CPU.ActiveCfg = Release|Any CPU
		{D733BA22-9CC2-4F57-9A44-78CA567366CC}.Release|Any CPU.Build.0 = Release|Any CPU
		{3D73D1FE-2912-4C1C-96F4-C69BC8B548B0}.Debug|Any CPU.ActiveCfg = Debug|Any CPU
		{3D73D1FE-2912-4C1C-96F4-C69BC8B548B0}.Debug|Any CPU.Build.0 = Debug|Any CPU
		{3D73D1FE-2912-4C1C-96F4-C69BC8B548B0}.Release|Any CPU.ActiveCfg = Release|Any CPU
		{3D73D1FE-2912-4C1C-96F4-C69BC8B548B0}.Release|Any CPU.Build.0 = Release|Any CPU
		{5E18EB34-D3A6-4832-B31C-1BE215D83F46}.Debug|Any CPU.ActiveCfg = Debug|Any CPU
		{5E18EB34-D3A6-4832-B31C-1BE215D83F46}.Debug|Any CPU.Build.0 = Debug|Any CPU
		{5E18EB34-D3A6-4832-B31C-1BE215D83F46}.Release|Any CPU.ActiveCfg = Release|Any CPU
		{5E18EB34-D3A6-4832-B31C-1BE215D83F46}.Release|Any CPU.Build.0 = Release|Any CPU
		{8EE2ED7D-AE10-4649-9CEB-55033B1A44C1}.Debug|Any CPU.ActiveCfg = Debug|Any CPU
		{8EE2ED7D-AE10-4649-9CEB-55033B1A44C1}.Debug|Any CPU.Build.0 = Debug|Any CPU
		{8EE2ED7D-AE10-4649-9CEB-55033B1A44C1}.Release|Any CPU.ActiveCfg = Release|Any CPU
		{8EE2ED7D-AE10-4649-9CEB-55033B1A44C1}.Release|Any CPU.Build.0 = Release|Any CPU
		{77429AA4-9151-4BFD-AE63-FF433C1952FF}.Debug|Any CPU.ActiveCfg = Debug|Any CPU
		{77429AA4-9151-4BFD-AE63-FF433C1952FF}.Debug|Any CPU.Build.0 = Debug|Any CPU
		{77429AA4-9151-4BFD-AE63-FF433C1952FF}.Release|Any CPU.ActiveCfg = Release|Any CPU
		{77429AA4-9151-4BFD-AE63-FF433C1952FF}.Release|Any CPU.Build.0 = Release|Any CPU
	EndGlobalSection
	GlobalSection(SolutionProperties) = preSolution
		HideSolutionNode = FALSE
	EndGlobalSection
	GlobalSection(NestedProjects) = preSolution
		{3C4F0A6C-CCEE-4C61-9319-552679286DF7} = {0807D018-C371-4526-A405-473AB51EB128}
		{21333248-AD99-40F9-8432-909EFCB667CA} = {0807D018-C371-4526-A405-473AB51EB128}
		{95EA49EF-2BC5-4EBC-828B-C486602920A4} = {0807D018-C371-4526-A405-473AB51EB128}
		{59BE643C-9040-417F-877B-DC78646506C4} = {CD3970A3-2358-413C-82D1-DCE607F43FF1}
		{D733BA22-9CC2-4F57-9A44-78CA567366CC} = {CD3970A3-2358-413C-82D1-DCE607F43FF1}
		{3D73D1FE-2912-4C1C-96F4-C69BC8B548B0} = {CD3970A3-2358-413C-82D1-DCE607F43FF1}
		{5E18EB34-D3A6-4832-B31C-1BE215D83F46} = {12099493-6977-41B7-AC96-8FF27F9EE779}
		{8EE2ED7D-AE10-4649-9CEB-55033B1A44C1} = {12099493-6977-41B7-AC96-8FF27F9EE779}
		{77429AA4-9151-4BFD-AE63-FF433C1952FF} = {12099493-6977-41B7-AC96-8FF27F9EE779}
	EndGlobalSection
	GlobalSection(ExtensibilityGlobals) = postSolution
		SolutionGuid = {3635959F-0F16-41B6-89DF-FEA41B2F3D46}
	EndGlobalSection
EndGlobal
